
Microsoft Visual Studio Solution File, Format Version 12.00
# Visual Studio Version 16
VisualStudioVersion = 16.0.31624.102
MinimumVisualStudioVersion = 10.0.40219.1
Project("{FAE04EC0-301F-11D3-BF4B-00C04F79EFBC}") = "Gatlin.Utils", "Gatlin.Utils\Gatlin.Utils.csproj", "{ABB26FFB-1669-41BB-BE78-26B821FE2AC6}"
EndProject
Project("{FAE04EC0-301F-11D3-BF4B-00C04F79EFBC}") = "Gatlin.Utils.Mail", "Gatlin.Utils.Mail\Gatlin.Utils.Mail.csproj", "{7C004AF4-B06F-4E2C-86D4-59CE7D24F9C6}"
EndProject
Global
	GlobalSection(SolutionConfigurationPlatforms) = preSolution
		Debug|Any CPU = Debug|Any CPU
		Release|Any CPU = Release|Any CPU
	EndGlobalSection
	GlobalSection(ProjectConfigurationPlatforms) = postSolution
		{ABB26FFB-1669-41BB-BE78-26B821FE2AC6}.Debug|Any CPU.ActiveCfg = Debug|Any CPU
		{ABB26FFB-1669-41BB-BE78-26B821FE2AC6}.Debug|Any CPU.Build.0 = Debug|Any CPU
		{ABB26FFB-1669-41BB-BE78-26B821FE2AC6}.Release|Any CPU.ActiveCfg = Release|Any CPU
		{ABB26FFB-1669-41BB-BE78-26B821FE2AC6}.Release|Any CPU.Build.0 = Release|Any CPU
		{7C004AF4-B06F-4E2C-86D4-59CE7D24F9C6}.Debug|Any CPU.ActiveCfg = Debug|Any CPU
		{7C004AF4-B06F-4E2C-86D4-59CE7D24F9C6}.Debug|Any CPU.Build.0 = Debug|Any CPU
		{7C004AF4-B06F-4E2C-86D4-59CE7D24F9C6}.Release|Any CPU.ActiveCfg = Release|Any CPU
		{7C004AF4-B06F-4E2C-86D4-59CE7D24F9C6}.Release|Any CPU.Build.0 = Release|Any CPU
	EndGlobalSection
	GlobalSection(SolutionProperties) = preSolution
		HideSolutionNode = FALSE
	EndGlobalSection
	GlobalSection(ExtensibilityGlobals) = postSolution
		SolutionGuid = {86AC2A98-2294-4518-B601-22790651961A}
	EndGlobalSection
EndGlobal
